
Microsoft Visual Studio Solution File, Format Version 12.00
Project("{FAE04EC0-301F-11D3-BF4B-00C04F79EFBC}") = "PublicSdk", "PublicSdk\PublicSdk.csproj", "{9A5D423C-9E5B-419B-A784-88B695EBCA13}"
EndProject
Project("{FAE04EC0-301F-11D3-BF4B-00C04F79EFBC}") = "PublicSdk.Tests", "..\V5id.PublicSdk.Tests\PublicSdk.Tests\PublicSdk.Tests.csproj", "{60FCD1C7-3353-4A9A-96BC-32009730362A}"
EndProject
Global
	GlobalSection(SolutionConfigurationPlatforms) = preSolution
		Debug|Any CPU = Debug|Any CPU
		Release|Any CPU = Release|Any CPU
	EndGlobalSection
	GlobalSection(ProjectConfigurationPlatforms) = postSolution
		{9A5D423C-9E5B-419B-A784-88B695EBCA13}.Debug|Any CPU.ActiveCfg = Debug|Any CPU
		{9A5D423C-9E5B-419B-A784-88B695EBCA13}.Debug|Any CPU.Build.0 = Debug|Any CPU
		{9A5D423C-9E5B-419B-A784-88B695EBCA13}.Release|Any CPU.ActiveCfg = Release|Any CPU
		{9A5D423C-9E5B-419B-A784-88B695EBCA13}.Release|Any CPU.Build.0 = Release|Any CPU
		{60FCD1C7-3353-4A9A-96BC-32009730362A}.Debug|Any CPU.ActiveCfg = Debug|Any CPU
		{60FCD1C7-3353-4A9A-96BC-32009730362A}.Debug|Any CPU.Build.0 = Debug|Any CPU
		{60FCD1C7-3353-4A9A-96BC-32009730362A}.Release|Any CPU.ActiveCfg = Release|Any CPU
		{60FCD1C7-3353-4A9A-96BC-32009730362A}.Release|Any CPU.Build.0 = Release|Any CPU
	EndGlobalSection
EndGlobal
